// !$*UTF8*$!
{
	archiveVersion = 1;
	classes = {
	};
	objectVersion = 50;
	objects = {

/* Begin PBXBuildFile section */
		561880AA24AB4A8500558F29 /* AppDelegate.swift in Sources */ = {isa = PBXBuildFile; fileRef = 561880A924AB4A8500558F29 /* AppDelegate.swift */; };
		561880AC24AB4A8500558F29 /* SceneDelegate.swift in Sources */ = {isa = PBXBuildFile; fileRef = 561880AB24AB4A8500558F29 /* SceneDelegate.swift */; };
		561880AE24AB4A8500558F29 /* ContentView.swift in Sources */ = {isa = PBXBuildFile; fileRef = 561880AD24AB4A8500558F29 /* ContentView.swift */; };
		561880B024AB4A8600558F29 /* Assets.xcassets in Resources */ = {isa = PBXBuildFile; fileRef = 561880AF24AB4A8600558F29 /* Assets.xcassets */; };
		561880B324AB4A8600558F29 /* Preview Assets.xcassets in Resources */ = {isa = PBXBuildFile; fileRef = 561880B224AB4A8600558F29 /* Preview Assets.xcassets */; };
		561880C124AB4A8700558F29 /* SchedulingAppTests.swift in Sources */ = {isa = PBXBuildFile; fileRef = 561880C024AB4A8700558F29 /* SchedulingAppTests.swift */; };
		561880CC24AB4A8700558F29 /* SchedulingAppUITests.swift in Sources */ = {isa = PBXBuildFile; fileRef = 561880CB24AB4A8700558F29 /* SchedulingAppUITests.swift */; };
		561880DA24AB753700558F29 /* HomeView.swift in Sources */ = {isa = PBXBuildFile; fileRef = 561880D924AB753700558F29 /* HomeView.swift */; };
		561880DC24AB759500558F29 /* ClassesView.swift in Sources */ = {isa = PBXBuildFile; fileRef = 561880DB24AB759500558F29 /* ClassesView.swift */; };
		561880DE24AB75A600558F29 /* FilterView.swift in Sources */ = {isa = PBXBuildFile; fileRef = 561880DD24AB75A600558F29 /* FilterView.swift */; };
		561880E024AB75B100558F29 /* ProgressView.swift in Sources */ = {isa = PBXBuildFile; fileRef = 561880DF24AB75B100558F29 /* ProgressView.swift */; };
		56A66EBE24B77D5000CCD161 /* ClassModel.xcdatamodeld in Sources */ = {isa = PBXBuildFile; fileRef = 56A66EBC24B77D5000CCD161 /* ClassModel.xcdatamodeld */; };
		56A66ECD24B7D47A00CCD161 /* Assignment+CoreDataClass.swift in Sources */ = {isa = PBXBuildFile; fileRef = 56A66ECB24B7D47A00CCD161 /* Assignment+CoreDataClass.swift */; };
		56A66ECE24B7D47A00CCD161 /* Assignment+CoreDataProperties.swift in Sources */ = {isa = PBXBuildFile; fileRef = 56A66ECC24B7D47A00CCD161 /* Assignment+CoreDataProperties.swift */; };
		56A66ED124B7D4CE00CCD161 /* Classcool+CoreDataClass.swift in Sources */ = {isa = PBXBuildFile; fileRef = 56A66ECF24B7D4CE00CCD161 /* Classcool+CoreDataClass.swift */; };
		56A66ED224B7D4CE00CCD161 /* Classcool+CoreDataProperties.swift in Sources */ = {isa = PBXBuildFile; fileRef = 56A66ED024B7D4CE00CCD161 /* Classcool+CoreDataProperties.swift */; };
		56FBB03724BA1DBC00194CE5 /* Subassignment+CoreDataClass.swift in Sources */ = {isa = PBXBuildFile; fileRef = 56FBB03524BA1DBC00194CE5 /* Subassignment+CoreDataClass.swift */; };
		56FBB03824BA1DBC00194CE5 /* Subassignment+CoreDataProperties.swift in Sources */ = {isa = PBXBuildFile; fileRef = 56FBB03624BA1DBC00194CE5 /* Subassignment+CoreDataProperties.swift */; };
		CFDB39E324B8845A0055C48A /* Colors.xcassets in Resources */ = {isa = PBXBuildFile; fileRef = CFDB39E224B8845A0055C48A /* Colors.xcassets */; };
		CFDB3AA524BF4BE00055C48A /* LaunchScreen.storyboard in Resources */ = {isa = PBXBuildFile; fileRef = CFDB3AA424BF4BE00055C48A /* LaunchScreen.storyboard */; };
/* End PBXBuildFile section */

/* Begin PBXContainerItemProxy section */
		561880BD24AB4A8700558F29 /* PBXContainerItemProxy */ = {
			isa = PBXContainerItemProxy;
			containerPortal = 5618809E24AB4A8500558F29 /* Project object */;
			proxyType = 1;
			remoteGlobalIDString = 561880A524AB4A8500558F29;
			remoteInfo = SchedulingApp;
		};
		561880C824AB4A8700558F29 /* PBXContainerItemProxy */ = {
			isa = PBXContainerItemProxy;
			containerPortal = 5618809E24AB4A8500558F29 /* Project object */;
			proxyType = 1;
			remoteGlobalIDString = 561880A524AB4A8500558F29;
			remoteInfo = SchedulingApp;
		};
/* End PBXContainerItemProxy section */

/* Begin PBXFileReference section */
		561880A624AB4A8500558F29 /* SchedulingApp.app */ = {isa = PBXFileReference; explicitFileType = wrapper.application; includeInIndex = 0; path = SchedulingApp.app; sourceTree = BUILT_PRODUCTS_DIR; };
		561880A924AB4A8500558F29 /* AppDelegate.swift */ = {isa = PBXFileReference; lastKnownFileType = sourcecode.swift; path = AppDelegate.swift; sourceTree = "<group>"; };
		561880AB24AB4A8500558F29 /* SceneDelegate.swift */ = {isa = PBXFileReference; lastKnownFileType = sourcecode.swift; path = SceneDelegate.swift; sourceTree = "<group>"; };
		561880AD24AB4A8500558F29 /* ContentView.swift */ = {isa = PBXFileReference; lastKnownFileType = sourcecode.swift; path = ContentView.swift; sourceTree = "<group>"; };
		561880AF24AB4A8600558F29 /* Assets.xcassets */ = {isa = PBXFileReference; lastKnownFileType = folder.assetcatalog; path = Assets.xcassets; sourceTree = "<group>"; };
		561880B224AB4A8600558F29 /* Preview Assets.xcassets */ = {isa = PBXFileReference; lastKnownFileType = folder.assetcatalog; path = "Preview Assets.xcassets"; sourceTree = "<group>"; };
		561880B724AB4A8600558F29 /* Info.plist */ = {isa = PBXFileReference; lastKnownFileType = text.plist.xml; path = Info.plist; sourceTree = "<group>"; };
		561880BC24AB4A8700558F29 /* SchedulingAppTests.xctest */ = {isa = PBXFileReference; explicitFileType = wrapper.cfbundle; includeInIndex = 0; path = SchedulingAppTests.xctest; sourceTree = BUILT_PRODUCTS_DIR; };
		561880C024AB4A8700558F29 /* SchedulingAppTests.swift */ = {isa = PBXFileReference; lastKnownFileType = sourcecode.swift; path = SchedulingAppTests.swift; sourceTree = "<group>"; };
		561880C224AB4A8700558F29 /* Info.plist */ = {isa = PBXFileReference; lastKnownFileType = text.plist.xml; path = Info.plist; sourceTree = "<group>"; };
		561880C724AB4A8700558F29 /* SchedulingAppUITests.xctest */ = {isa = PBXFileReference; explicitFileType = wrapper.cfbundle; includeInIndex = 0; path = SchedulingAppUITests.xctest; sourceTree = BUILT_PRODUCTS_DIR; };
		561880CB24AB4A8700558F29 /* SchedulingAppUITests.swift */ = {isa = PBXFileReference; lastKnownFileType = sourcecode.swift; path = SchedulingAppUITests.swift; sourceTree = "<group>"; };
		561880CD24AB4A8700558F29 /* Info.plist */ = {isa = PBXFileReference; lastKnownFileType = text.plist.xml; path = Info.plist; sourceTree = "<group>"; };
		561880D924AB753700558F29 /* HomeView.swift */ = {isa = PBXFileReference; lastKnownFileType = sourcecode.swift; path = HomeView.swift; sourceTree = "<group>"; };
		561880DB24AB759500558F29 /* ClassesView.swift */ = {isa = PBXFileReference; lastKnownFileType = sourcecode.swift; path = ClassesView.swift; sourceTree = "<group>"; };
		561880DD24AB75A600558F29 /* FilterView.swift */ = {isa = PBXFileReference; lastKnownFileType = sourcecode.swift; path = FilterView.swift; sourceTree = "<group>"; };
		561880DF24AB75B100558F29 /* ProgressView.swift */ = {isa = PBXFileReference; lastKnownFileType = sourcecode.swift; path = ProgressView.swift; sourceTree = "<group>"; };
		56A66EBD24B77D5000CCD161 /* ClassModel.xcdatamodel */ = {isa = PBXFileReference; lastKnownFileType = wrapper.xcdatamodel; path = ClassModel.xcdatamodel; sourceTree = "<group>"; };
		56A66ECB24B7D47A00CCD161 /* Assignment+CoreDataClass.swift */ = {isa = PBXFileReference; lastKnownFileType = sourcecode.swift; name = "Assignment+CoreDataClass.swift"; path = "SchedulingApp/Assignment+CoreDataClass.swift"; sourceTree = "<group>"; };
		56A66ECC24B7D47A00CCD161 /* Assignment+CoreDataProperties.swift */ = {isa = PBXFileReference; lastKnownFileType = sourcecode.swift; name = "Assignment+CoreDataProperties.swift"; path = "SchedulingApp/Assignment+CoreDataProperties.swift"; sourceTree = "<group>"; };
		56A66ECF24B7D4CE00CCD161 /* Classcool+CoreDataClass.swift */ = {isa = PBXFileReference; lastKnownFileType = sourcecode.swift; name = "Classcool+CoreDataClass.swift"; path = "SchedulingApp/Classcool+CoreDataClass.swift"; sourceTree = "<group>"; };
		56A66ED024B7D4CE00CCD161 /* Classcool+CoreDataProperties.swift */ = {isa = PBXFileReference; lastKnownFileType = sourcecode.swift; name = "Classcool+CoreDataProperties.swift"; path = "SchedulingApp/Classcool+CoreDataProperties.swift"; sourceTree = "<group>"; };
		56FBB03524BA1DBC00194CE5 /* Subassignment+CoreDataClass.swift */ = {isa = PBXFileReference; lastKnownFileType = sourcecode.swift; name = "Subassignment+CoreDataClass.swift"; path = "SchedulingApp/Subassignment+CoreDataClass.swift"; sourceTree = "<group>"; };
		56FBB03624BA1DBC00194CE5 /* Subassignment+CoreDataProperties.swift */ = {isa = PBXFileReference; lastKnownFileType = sourcecode.swift; name = "Subassignment+CoreDataProperties.swift"; path = "SchedulingApp/Subassignment+CoreDataProperties.swift"; sourceTree = "<group>"; };
		CFDB39E224B8845A0055C48A /* Colors.xcassets */ = {isa = PBXFileReference; lastKnownFileType = folder.assetcatalog; path = Colors.xcassets; sourceTree = "<group>"; };
		CFDB3AA424BF4BE00055C48A /* LaunchScreen.storyboard */ = {isa = PBXFileReference; lastKnownFileType = file.storyboard; path = LaunchScreen.storyboard; sourceTree = "<group>"; };
/* End PBXFileReference section */

/* Begin PBXFrameworksBuildPhase section */
		561880A324AB4A8500558F29 /* Frameworks */ = {
			isa = PBXFrameworksBuildPhase;
			buildActionMask = 2147483647;
			files = (
			);
			runOnlyForDeploymentPostprocessing = 0;
		};
		561880B924AB4A8700558F29 /* Frameworks */ = {
			isa = PBXFrameworksBuildPhase;
			buildActionMask = 2147483647;
			files = (
			);
			runOnlyForDeploymentPostprocessing = 0;
		};
		561880C424AB4A8700558F29 /* Frameworks */ = {
			isa = PBXFrameworksBuildPhase;
			buildActionMask = 2147483647;
			files = (
			);
			runOnlyForDeploymentPostprocessing = 0;
		};
/* End PBXFrameworksBuildPhase section */

/* Begin PBXGroup section */
		5618809D24AB4A8500558F29 = {
			isa = PBXGroup;
			children = (
				56FBB03524BA1DBC00194CE5 /* Subassignment+CoreDataClass.swift */,
				56FBB03624BA1DBC00194CE5 /* Subassignment+CoreDataProperties.swift */,
				56A66ECF24B7D4CE00CCD161 /* Classcool+CoreDataClass.swift */,
				56A66ED024B7D4CE00CCD161 /* Classcool+CoreDataProperties.swift */,
				56A66ECB24B7D47A00CCD161 /* Assignment+CoreDataClass.swift */,
				56A66ECC24B7D47A00CCD161 /* Assignment+CoreDataProperties.swift */,
				561880A824AB4A8500558F29 /* SchedulingApp */,
				561880BF24AB4A8700558F29 /* SchedulingAppTests */,
				561880CA24AB4A8700558F29 /* SchedulingAppUITests */,
				561880A724AB4A8500558F29 /* Products */,
			);
			sourceTree = "<group>";
		};
		561880A724AB4A8500558F29 /* Products */ = {
			isa = PBXGroup;
			children = (
				561880A624AB4A8500558F29 /* SchedulingApp.app */,
				561880BC24AB4A8700558F29 /* SchedulingAppTests.xctest */,
				561880C724AB4A8700558F29 /* SchedulingAppUITests.xctest */,
			);
			name = Products;
			sourceTree = "<group>";
		};
		561880A824AB4A8500558F29 /* SchedulingApp */ = {
			isa = PBXGroup;
			children = (
				CFDB3AA424BF4BE00055C48A /* LaunchScreen.storyboard */,
				561880A924AB4A8500558F29 /* AppDelegate.swift */,
				561880AB24AB4A8500558F29 /* SceneDelegate.swift */,
				561880AD24AB4A8500558F29 /* ContentView.swift */,
				561880AF24AB4A8600558F29 /* Assets.xcassets */,
				CFDB39E224B8845A0055C48A /* Colors.xcassets */,
				561880B724AB4A8600558F29 /* Info.plist */,
				561880B124AB4A8600558F29 /* Preview Content */,
				561880D924AB753700558F29 /* HomeView.swift */,
				561880DB24AB759500558F29 /* ClassesView.swift */,
				561880DD24AB75A600558F29 /* FilterView.swift */,
				561880DF24AB75B100558F29 /* ProgressView.swift */,
				56A66EBC24B77D5000CCD161 /* ClassModel.xcdatamodeld */,
			);
			path = SchedulingApp;
			sourceTree = "<group>";
		};
		561880B124AB4A8600558F29 /* Preview Content */ = {
			isa = PBXGroup;
			children = (
				561880B224AB4A8600558F29 /* Preview Assets.xcassets */,
			);
			path = "Preview Content";
			sourceTree = "<group>";
		};
		561880BF24AB4A8700558F29 /* SchedulingAppTests */ = {
			isa = PBXGroup;
			children = (
				561880C024AB4A8700558F29 /* SchedulingAppTests.swift */,
				561880C224AB4A8700558F29 /* Info.plist */,
			);
			path = SchedulingAppTests;
			sourceTree = "<group>";
		};
		561880CA24AB4A8700558F29 /* SchedulingAppUITests */ = {
			isa = PBXGroup;
			children = (
				561880CB24AB4A8700558F29 /* SchedulingAppUITests.swift */,
				561880CD24AB4A8700558F29 /* Info.plist */,
			);
			path = SchedulingAppUITests;
			sourceTree = "<group>";
		};
/* End PBXGroup section */

/* Begin PBXNativeTarget section */
		561880A524AB4A8500558F29 /* SchedulingApp */ = {
			isa = PBXNativeTarget;
			buildConfigurationList = 561880D024AB4A8700558F29 /* Build configuration list for PBXNativeTarget "SchedulingApp" */;
			buildPhases = (
				561880A224AB4A8500558F29 /* Sources */,
				561880A324AB4A8500558F29 /* Frameworks */,
				561880A424AB4A8500558F29 /* Resources */,
			);
			buildRules = (
			);
			dependencies = (
			);
			name = SchedulingApp;
			productName = SchedulingApp;
			productReference = 561880A624AB4A8500558F29 /* SchedulingApp.app */;
			productType = "com.apple.product-type.application";
		};
		561880BB24AB4A8700558F29 /* SchedulingAppTests */ = {
			isa = PBXNativeTarget;
			buildConfigurationList = 561880D324AB4A8700558F29 /* Build configuration list for PBXNativeTarget "SchedulingAppTests" */;
			buildPhases = (
				561880B824AB4A8700558F29 /* Sources */,
				561880B924AB4A8700558F29 /* Frameworks */,
				561880BA24AB4A8700558F29 /* Resources */,
			);
			buildRules = (
			);
			dependencies = (
				561880BE24AB4A8700558F29 /* PBXTargetDependency */,
			);
			name = SchedulingAppTests;
			productName = SchedulingAppTests;
			productReference = 561880BC24AB4A8700558F29 /* SchedulingAppTests.xctest */;
			productType = "com.apple.product-type.bundle.unit-test";
		};
		561880C624AB4A8700558F29 /* SchedulingAppUITests */ = {
			isa = PBXNativeTarget;
			buildConfigurationList = 561880D624AB4A8700558F29 /* Build configuration list for PBXNativeTarget "SchedulingAppUITests" */;
			buildPhases = (
				561880C324AB4A8700558F29 /* Sources */,
				561880C424AB4A8700558F29 /* Frameworks */,
				561880C524AB4A8700558F29 /* Resources */,
			);
			buildRules = (
			);
			dependencies = (
				561880C924AB4A8700558F29 /* PBXTargetDependency */,
			);
			name = SchedulingAppUITests;
			productName = SchedulingAppUITests;
			productReference = 561880C724AB4A8700558F29 /* SchedulingAppUITests.xctest */;
			productType = "com.apple.product-type.bundle.ui-testing";
		};
/* End PBXNativeTarget section */

/* Begin PBXProject section */
		5618809E24AB4A8500558F29 /* Project object */ = {
			isa = PBXProject;
			attributes = {
				KnownAssetTags = (
					"com.apple.gamecenter.Leaderboard Set",
				);
				LastSwiftUpdateCheck = 1150;
				LastUpgradeCheck = 1150;
				ORGANIZATIONNAME = "Tejas Krishnan";
				TargetAttributes = {
					561880A524AB4A8500558F29 = {
						CreatedOnToolsVersion = 11.5;
					};
					561880BB24AB4A8700558F29 = {
						CreatedOnToolsVersion = 11.5;
						TestTargetID = 561880A524AB4A8500558F29;
					};
					561880C624AB4A8700558F29 = {
						CreatedOnToolsVersion = 11.5;
						TestTargetID = 561880A524AB4A8500558F29;
					};
				};
			};
			buildConfigurationList = 561880A124AB4A8500558F29 /* Build configuration list for PBXProject "SchedulingApp" */;
			compatibilityVersion = "Xcode 9.3";
			developmentRegion = en;
			hasScannedForEncodings = 0;
			knownRegions = (
				en,
				Base,
			);
			mainGroup = 5618809D24AB4A8500558F29;
			productRefGroup = 561880A724AB4A8500558F29 /* Products */;
			projectDirPath = "";
			projectRoot = "";
			targets = (
				561880A524AB4A8500558F29 /* SchedulingApp */,
				561880BB24AB4A8700558F29 /* SchedulingAppTests */,
				561880C624AB4A8700558F29 /* SchedulingAppUITests */,
			);
		};
/* End PBXProject section */

/* Begin PBXResourcesBuildPhase section */
		561880A424AB4A8500558F29 /* Resources */ = {
			isa = PBXResourcesBuildPhase;
			buildActionMask = 2147483647;
			files = (
				CFDB39E324B8845A0055C48A /* Colors.xcassets in Resources */,
				561880B324AB4A8600558F29 /* Preview Assets.xcassets in Resources */,
				CFDB3AA524BF4BE00055C48A /* LaunchScreen.storyboard in Resources */,
				561880B024AB4A8600558F29 /* Assets.xcassets in Resources */,
			);
			runOnlyForDeploymentPostprocessing = 0;
		};
		561880BA24AB4A8700558F29 /* Resources */ = {
			isa = PBXResourcesBuildPhase;
			buildActionMask = 2147483647;
			files = (
			);
			runOnlyForDeploymentPostprocessing = 0;
		};
		561880C524AB4A8700558F29 /* Resources */ = {
			isa = PBXResourcesBuildPhase;
			buildActionMask = 2147483647;
			files = (
			);
			runOnlyForDeploymentPostprocessing = 0;
		};
/* End PBXResourcesBuildPhase section */

/* Begin PBXSourcesBuildPhase section */
		561880A224AB4A8500558F29 /* Sources */ = {
			isa = PBXSourcesBuildPhase;
			buildActionMask = 2147483647;
			files = (
				561880AA24AB4A8500558F29 /* AppDelegate.swift in Sources */,
				561880DA24AB753700558F29 /* HomeView.swift in Sources */,
				561880AC24AB4A8500558F29 /* SceneDelegate.swift in Sources */,
				561880AE24AB4A8500558F29 /* ContentView.swift in Sources */,
				561880E024AB75B100558F29 /* ProgressView.swift in Sources */,
				56FBB03824BA1DBC00194CE5 /* Subassignment+CoreDataProperties.swift in Sources */,
				561880DE24AB75A600558F29 /* FilterView.swift in Sources */,
				56FBB03724BA1DBC00194CE5 /* Subassignment+CoreDataClass.swift in Sources */,
				56A66ECE24B7D47A00CCD161 /* Assignment+CoreDataProperties.swift in Sources */,
				56A66ED224B7D4CE00CCD161 /* Classcool+CoreDataProperties.swift in Sources */,
				56A66EBE24B77D5000CCD161 /* ClassModel.xcdatamodeld in Sources */,
				561880DC24AB759500558F29 /* ClassesView.swift in Sources */,
				56A66ECD24B7D47A00CCD161 /* Assignment+CoreDataClass.swift in Sources */,
				56A66ED124B7D4CE00CCD161 /* Classcool+CoreDataClass.swift in Sources */,
			);
			runOnlyForDeploymentPostprocessing = 0;
		};
		561880B824AB4A8700558F29 /* Sources */ = {
			isa = PBXSourcesBuildPhase;
			buildActionMask = 2147483647;
			files = (
				561880C124AB4A8700558F29 /* SchedulingAppTests.swift in Sources */,
			);
			runOnlyForDeploymentPostprocessing = 0;
		};
		561880C324AB4A8700558F29 /* Sources */ = {
			isa = PBXSourcesBuildPhase;
			buildActionMask = 2147483647;
			files = (
				561880CC24AB4A8700558F29 /* SchedulingAppUITests.swift in Sources */,
			);
			runOnlyForDeploymentPostprocessing = 0;
		};
/* End PBXSourcesBuildPhase section */

/* Begin PBXTargetDependency section */
		561880BE24AB4A8700558F29 /* PBXTargetDependency */ = {
			isa = PBXTargetDependency;
			target = 561880A524AB4A8500558F29 /* SchedulingApp */;
			targetProxy = 561880BD24AB4A8700558F29 /* PBXContainerItemProxy */;
		};
		561880C924AB4A8700558F29 /* PBXTargetDependency */ = {
			isa = PBXTargetDependency;
			target = 561880A524AB4A8500558F29 /* SchedulingApp */;
			targetProxy = 561880C824AB4A8700558F29 /* PBXContainerItemProxy */;
		};
/* End PBXTargetDependency section */

/* Begin XCBuildConfiguration section */
		561880CE24AB4A8700558F29 /* Debug */ = {
			isa = XCBuildConfiguration;
			buildSettings = {
				ALWAYS_SEARCH_USER_PATHS = NO;
				CLANG_ANALYZER_NONNULL = YES;
				CLANG_ANALYZER_NUMBER_OBJECT_CONVERSION = YES_AGGRESSIVE;
				CLANG_CXX_LANGUAGE_STANDARD = "gnu++14";
				CLANG_CXX_LIBRARY = "libc++";
				CLANG_ENABLE_MODULES = YES;
				CLANG_ENABLE_OBJC_ARC = YES;
				CLANG_ENABLE_OBJC_WEAK = YES;
				CLANG_WARN_BLOCK_CAPTURE_AUTORELEASING = YES;
				CLANG_WARN_BOOL_CONVERSION = YES;
				CLANG_WARN_COMMA = YES;
				CLANG_WARN_CONSTANT_CONVERSION = YES;
				CLANG_WARN_DEPRECATED_OBJC_IMPLEMENTATIONS = YES;
				CLANG_WARN_DIRECT_OBJC_ISA_USAGE = YES_ERROR;
				CLANG_WARN_DOCUMENTATION_COMMENTS = YES;
				CLANG_WARN_EMPTY_BODY = YES;
				CLANG_WARN_ENUM_CONVERSION = YES;
				CLANG_WARN_INFINITE_RECURSION = YES;
				CLANG_WARN_INT_CONVERSION = YES;
				CLANG_WARN_NON_LITERAL_NULL_CONVERSION = YES;
				CLANG_WARN_OBJC_IMPLICIT_RETAIN_SELF = YES;
				CLANG_WARN_OBJC_LITERAL_CONVERSION = YES;
				CLANG_WARN_OBJC_ROOT_CLASS = YES_ERROR;
				CLANG_WARN_RANGE_LOOP_ANALYSIS = YES;
				CLANG_WARN_STRICT_PROTOTYPES = YES;
				CLANG_WARN_SUSPICIOUS_MOVE = YES;
				CLANG_WARN_UNGUARDED_AVAILABILITY = YES_AGGRESSIVE;
				CLANG_WARN_UNREACHABLE_CODE = YES;
				CLANG_WARN__DUPLICATE_METHOD_MATCH = YES;
				COPY_PHASE_STRIP = NO;
				DEBUG_INFORMATION_FORMAT = dwarf;
				ENABLE_STRICT_OBJC_MSGSEND = YES;
				ENABLE_TESTABILITY = YES;
				GCC_C_LANGUAGE_STANDARD = gnu11;
				GCC_DYNAMIC_NO_PIC = NO;
				GCC_NO_COMMON_BLOCKS = YES;
				GCC_OPTIMIZATION_LEVEL = 0;
				GCC_PREPROCESSOR_DEFINITIONS = (
					"DEBUG=1",
					"$(inherited)",
				);
				GCC_WARN_64_TO_32_BIT_CONVERSION = YES;
				GCC_WARN_ABOUT_RETURN_TYPE = YES_ERROR;
				GCC_WARN_UNDECLARED_SELECTOR = YES;
				GCC_WARN_UNINITIALIZED_AUTOS = YES_AGGRESSIVE;
				GCC_WARN_UNUSED_FUNCTION = YES;
				GCC_WARN_UNUSED_VARIABLE = YES;
				IPHONEOS_DEPLOYMENT_TARGET = 13.5;
				MTL_ENABLE_DEBUG_INFO = INCLUDE_SOURCE;
				MTL_FAST_MATH = YES;
				ONLY_ACTIVE_ARCH = YES;
				SDKROOT = iphoneos;
				SWIFT_ACTIVE_COMPILATION_CONDITIONS = DEBUG;
				SWIFT_OPTIMIZATION_LEVEL = "-Onone";
			};
			name = Debug;
		};
		561880CF24AB4A8700558F29 /* Release */ = {
			isa = XCBuildConfiguration;
			buildSettings = {
				ALWAYS_SEARCH_USER_PATHS = NO;
				CLANG_ANALYZER_NONNULL = YES;
				CLANG_ANALYZER_NUMBER_OBJECT_CONVERSION = YES_AGGRESSIVE;
				CLANG_CXX_LANGUAGE_STANDARD = "gnu++14";
				CLANG_CXX_LIBRARY = "libc++";
				CLANG_ENABLE_MODULES = YES;
				CLANG_ENABLE_OBJC_ARC = YES;
				CLANG_ENABLE_OBJC_WEAK = YES;
				CLANG_WARN_BLOCK_CAPTURE_AUTORELEASING = YES;
				CLANG_WARN_BOOL_CONVERSION = YES;
				CLANG_WARN_COMMA = YES;
				CLANG_WARN_CONSTANT_CONVERSION = YES;
				CLANG_WARN_DEPRECATED_OBJC_IMPLEMENTATIONS = YES;
				CLANG_WARN_DIRECT_OBJC_ISA_USAGE = YES_ERROR;
				CLANG_WARN_DOCUMENTATION_COMMENTS = YES;
				CLANG_WARN_EMPTY_BODY = YES;
				CLANG_WARN_ENUM_CONVERSION = YES;
				CLANG_WARN_INFINITE_RECURSION = YES;
				CLANG_WARN_INT_CONVERSION = YES;
				CLANG_WARN_NON_LITERAL_NULL_CONVERSION = YES;
				CLANG_WARN_OBJC_IMPLICIT_RETAIN_SELF = YES;
				CLANG_WARN_OBJC_LITERAL_CONVERSION = YES;
				CLANG_WARN_OBJC_ROOT_CLASS = YES_ERROR;
				CLANG_WARN_RANGE_LOOP_ANALYSIS = YES;
				CLANG_WARN_STRICT_PROTOTYPES = YES;
				CLANG_WARN_SUSPICIOUS_MOVE = YES;
				CLANG_WARN_UNGUARDED_AVAILABILITY = YES_AGGRESSIVE;
				CLANG_WARN_UNREACHABLE_CODE = YES;
				CLANG_WARN__DUPLICATE_METHOD_MATCH = YES;
				COPY_PHASE_STRIP = NO;
				DEBUG_INFORMATION_FORMAT = "dwarf-with-dsym";
				ENABLE_NS_ASSERTIONS = NO;
				ENABLE_STRICT_OBJC_MSGSEND = YES;
				GCC_C_LANGUAGE_STANDARD = gnu11;
				GCC_NO_COMMON_BLOCKS = YES;
				GCC_WARN_64_TO_32_BIT_CONVERSION = YES;
				GCC_WARN_ABOUT_RETURN_TYPE = YES_ERROR;
				GCC_WARN_UNDECLARED_SELECTOR = YES;
				GCC_WARN_UNINITIALIZED_AUTOS = YES_AGGRESSIVE;
				GCC_WARN_UNUSED_FUNCTION = YES;
				GCC_WARN_UNUSED_VARIABLE = YES;
				IPHONEOS_DEPLOYMENT_TARGET = 13.5;
				MTL_ENABLE_DEBUG_INFO = NO;
				MTL_FAST_MATH = YES;
				SDKROOT = iphoneos;
				SWIFT_COMPILATION_MODE = wholemodule;
				SWIFT_OPTIMIZATION_LEVEL = "-O";
				VALIDATE_PRODUCT = YES;
			};
			name = Release;
		};
		561880D124AB4A8700558F29 /* Debug */ = {
			isa = XCBuildConfiguration;
			buildSettings = {
				ASSETCATALOG_COMPILER_APPICON_NAME = AppIcon;
				CODE_SIGN_STYLE = Automatic;
				DEVELOPMENT_ASSET_PATHS = "\"SchedulingApp/Preview Content\"";
				ENABLE_PREVIEWS = YES;
				INFOPLIST_FILE = SchedulingApp/Info.plist;
				LD_RUNPATH_SEARCH_PATHS = (
					"$(inherited)",
					"@executable_path/Frameworks",
				);
				PRODUCT_BUNDLE_IDENTIFIER = Hello.SchedulingApp;
				PRODUCT_NAME = "$(TARGET_NAME)";
				SWIFT_VERSION = 5.0;
				TARGETED_DEVICE_FAMILY = "1,2";
			};
			name = Debug;
		};
		561880D224AB4A8700558F29 /* Release */ = {
			isa = XCBuildConfiguration;
			buildSettings = {
				ASSETCATALOG_COMPILER_APPICON_NAME = AppIcon;
				CODE_SIGN_STYLE = Automatic;
				DEVELOPMENT_ASSET_PATHS = "\"SchedulingApp/Preview Content\"";
				ENABLE_PREVIEWS = YES;
				INFOPLIST_FILE = SchedulingApp/Info.plist;
				LD_RUNPATH_SEARCH_PATHS = (
					"$(inherited)",
					"@executable_path/Frameworks",
				);
				PRODUCT_BUNDLE_IDENTIFIER = Hello.SchedulingApp;
				PRODUCT_NAME = "$(TARGET_NAME)";
				SWIFT_VERSION = 5.0;
				TARGETED_DEVICE_FAMILY = "1,2";
			};
			name = Release;
		};
		561880D424AB4A8700558F29 /* Debug */ = {
			isa = XCBuildConfiguration;
			buildSettings = {
				ALWAYS_EMBED_SWIFT_STANDARD_LIBRARIES = YES;
				BUNDLE_LOADER = "$(TEST_HOST)";
				CODE_SIGN_STYLE = Automatic;
				INFOPLIST_FILE = SchedulingAppTests/Info.plist;
				IPHONEOS_DEPLOYMENT_TARGET = 13.5;
				LD_RUNPATH_SEARCH_PATHS = (
					"$(inherited)",
					"@executable_path/Frameworks",
					"@loader_path/Frameworks",
				);
				PRODUCT_BUNDLE_IDENTIFIER = Hello.SchedulingAppTests;
				PRODUCT_NAME = "$(TARGET_NAME)";
				SWIFT_VERSION = 5.0;
				TARGETED_DEVICE_FAMILY = "1,2";
				TEST_HOST = "$(BUILT_PRODUCTS_DIR)/SchedulingApp.app/SchedulingApp";
			};
			name = Debug;
		};
		561880D524AB4A8700558F29 /* Release */ = {
			isa = XCBuildConfiguration;
			buildSettings = {
				ALWAYS_EMBED_SWIFT_STANDARD_LIBRARIES = YES;
				BUNDLE_LOADER = "$(TEST_HOST)";
				CODE_SIGN_STYLE = Automatic;
				INFOPLIST_FILE = SchedulingAppTests/Info.plist;
				IPHONEOS_DEPLOYMENT_TARGET = 13.5;
				LD_RUNPATH_SEARCH_PATHS = (
					"$(inherited)",
					"@executable_path/Frameworks",
					"@loader_path/Frameworks",
				);
				PRODUCT_BUNDLE_IDENTIFIER = Hello.SchedulingAppTests;
				PRODUCT_NAME = "$(TARGET_NAME)";
				SWIFT_VERSION = 5.0;
				TARGETED_DEVICE_FAMILY = "1,2";
				TEST_HOST = "$(BUILT_PRODUCTS_DIR)/SchedulingApp.app/SchedulingApp";
			};
			name = Release;
		};
		561880D724AB4A8700558F29 /* Debug */ = {
			isa = XCBuildConfiguration;
			buildSettings = {
				ALWAYS_EMBED_SWIFT_STANDARD_LIBRARIES = YES;
				CODE_SIGN_STYLE = Automatic;
				INFOPLIST_FILE = SchedulingAppUITests/Info.plist;
				LD_RUNPATH_SEARCH_PATHS = (
					"$(inherited)",
					"@executable_path/Frameworks",
					"@loader_path/Frameworks",
				);
				PRODUCT_BUNDLE_IDENTIFIER = Hello.SchedulingAppUITests;
				PRODUCT_NAME = "$(TARGET_NAME)";
				SWIFT_VERSION = 5.0;
				TARGETED_DEVICE_FAMILY = "1,2";
				TEST_TARGET_NAME = SchedulingApp;
			};
			name = Debug;
		};
		561880D824AB4A8700558F29 /* Release */ = {
			isa = XCBuildConfiguration;
			buildSettings = {
				ALWAYS_EMBED_SWIFT_STANDARD_LIBRARIES = YES;
				CODE_SIGN_STYLE = Automatic;
				INFOPLIST_FILE = SchedulingAppUITests/Info.plist;
				LD_RUNPATH_SEARCH_PATHS = (
					"$(inherited)",
					"@executable_path/Frameworks",
					"@loader_path/Frameworks",
				);
				PRODUCT_BUNDLE_IDENTIFIER = Hello.SchedulingAppUITests;
				PRODUCT_NAME = "$(TARGET_NAME)";
				SWIFT_VERSION = 5.0;
				TARGETED_DEVICE_FAMILY = "1,2";
				TEST_TARGET_NAME = SchedulingApp;
			};
			name = Release;
		};
/* End XCBuildConfiguration section */

/* Begin XCConfigurationList section */
		561880A124AB4A8500558F29 /* Build configuration list for PBXProject "SchedulingApp" */ = {
			isa = XCConfigurationList;
			buildConfigurations = (
				561880CE24AB4A8700558F29 /* Debug */,
				561880CF24AB4A8700558F29 /* Release */,
			);
			defaultConfigurationIsVisible = 0;
			defaultConfigurationName = Release;
		};
		561880D024AB4A8700558F29 /* Build configuration list for PBXNativeTarget "SchedulingApp" */ = {
			isa = XCConfigurationList;
			buildConfigurations = (
				561880D124AB4A8700558F29 /* Debug */,
				561880D224AB4A8700558F29 /* Release */,
			);
			defaultConfigurationIsVisible = 0;
			defaultConfigurationName = Release;
		};
		561880D324AB4A8700558F29 /* Build configuration list for PBXNativeTarget "SchedulingAppTests" */ = {
			isa = XCConfigurationList;
			buildConfigurations = (
				561880D424AB4A8700558F29 /* Debug */,
				561880D524AB4A8700558F29 /* Release */,
			);
			defaultConfigurationIsVisible = 0;
			defaultConfigurationName = Release;
		};
		561880D624AB4A8700558F29 /* Build configuration list for PBXNativeTarget "SchedulingAppUITests" */ = {
			isa = XCConfigurationList;
			buildConfigurations = (
				561880D724AB4A8700558F29 /* Debug */,
				561880D824AB4A8700558F29 /* Release */,
			);
			defaultConfigurationIsVisible = 0;
			defaultConfigurationName = Release;
		};
/* End XCConfigurationList section */

/* Begin XCVersionGroup section */
		56A66EBC24B77D5000CCD161 /* ClassModel.xcdatamodeld */ = {
			isa = XCVersionGroup;
			children = (
				56A66EBD24B77D5000CCD161 /* ClassModel.xcdatamodel */,
			);
			currentVersion = 56A66EBD24B77D5000CCD161 /* ClassModel.xcdatamodel */;
			path = ClassModel.xcdatamodeld;
			sourceTree = "<group>";
			versionGroupType = wrapper.xcdatamodel;
		};
/* End XCVersionGroup section */
	};
	rootObject = 5618809E24AB4A8500558F29 /* Project object */;
}
